{
  "name": "cgsm-uo288249",
  "lockfileVersion": 3,
  "requires": true,
  "packages": {
    "": {
      "devDependencies": {
        "webpack-glsl-loader": "^1.0.1"
      }
    },
    "node_modules/fs": {
      "version": "0.0.2",
      "resolved": "https://registry.npmjs.org/fs/-/fs-0.0.2.tgz",
      "integrity": "sha512-YAiVokMCrSIFZiroB1oz51hPiPRVcUtSa4x2U5RYXyhS9VAPdiFigKbPTnOSq7XY8wd3FIVPYmXpo5lMzFmxgg==",
      "dev": true,
      "license": "MIT"
    },
    "node_modules/path": {
      "version": "0.11.14",
      "resolved": "https://registry.npmjs.org/path/-/path-0.11.14.tgz",
      "integrity": "sha512-CzEXTDgcEfa0yqMe+DJCSbEB5YCv4JZoic5xulBNFF2ifIMjNrTWbNSPNhgKfSo0MjneGIx9RLy4pCFuZPaMSQ==",
      "dev": true,
      "license": "MIT"
    },
    "node_modules/webpack-glsl-loader": {
      "version": "1.0.1",
      "resolved": "https://registry.npmjs.org/webpack-glsl-loader/-/webpack-glsl-loader-1.0.1.tgz",
      "integrity": "sha512-bFtjj+sOGECMKQ+o8V4Y0TdrIxiua6ykVAncj5ccws8ezZBhhz+9wdrQqSgawm2IS3SPjoVaF7yxSAS8naNirg==",
      "dev": true,
      "license": "MIT",
      "dependencies": {
        "fs": "0.0.2",
        "path": "^0.11.14"
      }
    }
  }
}
